
Microsoft Visual Studio Solution File, Format Version 12.00
# Visual Studio 15
VisualStudioVersion = 15.0.28307.902
MinimumVisualStudioVersion = 10.0.40219.1
Project("{9A19103F-16F7-4668-BE54-9A1E7A4F7556}") = "SimpleApiTask", "WebApplication3\SimpleApiTask.csproj", "{DF455C12-86E2-4FD6-90D5-279C1B36C91A}"
EndProject
Global
	GlobalSection(SolutionConfigurationPlatforms) = preSolution
		Debug|Any CPU = Debug|Any CPU
		Release|Any CPU = Release|Any CPU
	EndGlobalSection
	GlobalSection(ProjectConfigurationPlatforms) = postSolution
		{DF455C12-86E2-4FD6-90D5-279C1B36C91A}.Debug|Any CPU.ActiveCfg = Debug|Any CPU
		{DF455C12-86E2-4FD6-90D5-279C1B36C91A}.Debug|Any CPU.Build.0 = Debug|Any CPU
		{DF455C12-86E2-4FD6-90D5-279C1B36C91A}.Release|Any CPU.ActiveCfg = Release|Any CPU
		{DF455C12-86E2-4FD6-90D5-279C1B36C91A}.Release|Any CPU.Build.0 = Release|Any CPU
	EndGlobalSection
	GlobalSection(SolutionProperties) = preSolution
		HideSolutionNode = FALSE
	EndGlobalSection
	GlobalSection(ExtensibilityGlobals) = postSolution
		SolutionGuid = {B8E65CA1-9890-4A34-8169-CFE418EAEB8F}
	EndGlobalSection
EndGlobal
